
Microsoft Visual Studio Solution File, Format Version 12.00
# Visual Studio Version 16
VisualStudioVersion = 16.0.31205.134
MinimumVisualStudioVersion = 10.0.40219.1
Project("{9A19103F-16F7-4668-BE54-9A1E7A4F7556}") = "ShopBridge.WebAPI", "ShopBridge.WebAPI\ShopBridge.WebAPI.csproj", "{605DC6C8-7791-40BC-85A0-1D75BA38278A}"
EndProject
Project("{9A19103F-16F7-4668-BE54-9A1E7A4F7556}") = "ShopBridge.Core", "ShopBridge.Core\ShopBridge.Core.csproj", "{A3F3FD56-838B-4AA8-B3D4-4EC0D5D8CD0D}"
EndProject
Project("{9A19103F-16F7-4668-BE54-9A1E7A4F7556}") = "ShopBridge.Infra", "ShopBridge.Infra\ShopBridge.Infra.csproj", "{91B88B46-C63B-4438-B7F6-745EE141287F}"
EndProject
Project("{FAE04EC0-301F-11D3-BF4B-00C04F79EFBC}") = "ShopBridge.UnitTest", "ShopBridge.UnitTest\ShopBridge.UnitTest.csproj", "{B0CCB0C8-A6A1-4D30-8B1E-9C7D109248F5}"
EndProject
Global
	GlobalSection(SolutionConfigurationPlatforms) = preSolution
		Debug|Any CPU = Debug|Any CPU
		Release|Any CPU = Release|Any CPU
	EndGlobalSection
	GlobalSection(ProjectConfigurationPlatforms) = postSolution
		{605DC6C8-7791-40BC-85A0-1D75BA38278A}.Debug|Any CPU.ActiveCfg = Debug|Any CPU
		{605DC6C8-7791-40BC-85A0-1D75BA38278A}.Debug|Any CPU.Build.0 = Debug|Any CPU
		{605DC6C8-7791-40BC-85A0-1D75BA38278A}.Release|Any CPU.ActiveCfg = Release|Any CPU
		{605DC6C8-7791-40BC-85A0-1D75BA38278A}.Release|Any CPU.Build.0 = Release|Any CPU
		{A3F3FD56-838B-4AA8-B3D4-4EC0D5D8CD0D}.Debug|Any CPU.ActiveCfg = Debug|Any CPU
		{A3F3FD56-838B-4AA8-B3D4-4EC0D5D8CD0D}.Debug|Any CPU.Build.0 = Debug|Any CPU
		{A3F3FD56-838B-4AA8-B3D4-4EC0D5D8CD0D}.Release|Any CPU.ActiveCfg = Release|Any CPU
		{A3F3FD56-838B-4AA8-B3D4-4EC0D5D8CD0D}.Release|Any CPU.Build.0 = Release|Any CPU
		{91B88B46-C63B-4438-B7F6-745EE141287F}.Debug|Any CPU.ActiveCfg = Debug|Any CPU
		{91B88B46-C63B-4438-B7F6-745EE141287F}.Debug|Any CPU.Build.0 = Debug|Any CPU
		{91B88B46-C63B-4438-B7F6-745EE141287F}.Release|Any CPU.ActiveCfg = Release|Any CPU
		{91B88B46-C63B-4438-B7F6-745EE141287F}.Release|Any CPU.Build.0 = Release|Any CPU
		{B0CCB0C8-A6A1-4D30-8B1E-9C7D109248F5}.Debug|Any CPU.ActiveCfg = Debug|Any CPU
		{B0CCB0C8-A6A1-4D30-8B1E-9C7D109248F5}.Debug|Any CPU.Build.0 = Debug|Any CPU
		{B0CCB0C8-A6A1-4D30-8B1E-9C7D109248F5}.Release|Any CPU.ActiveCfg = Release|Any CPU
		{B0CCB0C8-A6A1-4D30-8B1E-9C7D109248F5}.Release|Any CPU.Build.0 = Release|Any CPU
	EndGlobalSection
	GlobalSection(SolutionProperties) = preSolution
		HideSolutionNode = FALSE
	EndGlobalSection
	GlobalSection(ExtensibilityGlobals) = postSolution
		SolutionGuid = {7E221797-9A19-488E-9F0F-C71F69F5B22C}
	EndGlobalSection
EndGlobal
